{
  "nodes": {
    "catppuccin": {
      "flake": false,
      "locked": {
        "lastModified": 1733541952,
        "narHash": "sha256-1w0TJdQP5lb9jCrCmhPlSexf0PkAlcz8GBDEsRjPRns=",
        "owner": "catppuccin",
        "repo": "starship",
        "rev": "e99ba6b210c0739af2a18094024ca0bdf4bb3225",
        "type": "github"
      },
      "original": {
        "owner": "catppuccin",
        "repo": "starship",
        "type": "github"
      }
    },
    "disko": {
      "inputs": {
        "nixpkgs": [
          "nixpkgs"
        ]
      },
      "locked": {
        "lastModified": 1743598667,
        "narHash": "sha256-ViE7NoFWytYO2uJONTAX35eGsvTYXNHjWALeHAg8OQY=",
        "owner": "nix-community",
        "repo": "disko",
        "rev": "329d3d7e8bc63dd30c39e14e6076db590a6eabe6",
        "type": "github"
      },
      "original": {
        "owner": "nix-community",
        "repo": "disko",
        "type": "github"
      }
    },
    "home-manager": {
      "inputs": {
        "nixpkgs": [
          "nixpkgs"
        ]
      },
      "locked": {
        "lastModified": 1744008831,
        "narHash": "sha256-g3mHJLB8ShKuMaBBZxiGuoftJ22f7Boegiw5xBUnS8E=",
        "owner": "nix-community",
        "repo": "home-manager",
        "rev": "f463902a3f03e15af658e48bcc60b39188ddf734",
        "type": "github"
      },
      "original": {
        "owner": "nix-community",
        "repo": "home-manager",
        "type": "github"
      }
    },
    "nixos-hardware": {
      "locked": {
        "lastModified": 1743420942,
        "narHash": "sha256-b/exDDQSLmENZZgbAEI3qi9yHkuXAXCPbormD8CSJXo=",
        "owner": "NixOS",
        "repo": "nixos-hardware",
        "rev": "de6fc5551121c59c01e2a3d45b277a6d05077bc4",
        "type": "github"
      },
      "original": {
        "owner": "NixOS",
        "ref": "master",
        "repo": "nixos-hardware",
        "type": "github"
      }
    },
    "nixpkgs": {
      "locked": {
        "lastModified": 1743827369,
        "narHash": "sha256-rpqepOZ8Eo1zg+KJeWoq1HAOgoMCDloqv5r2EAa9TSA=",
        "owner": "nixos",
        "repo": "nixpkgs",
        "rev": "42a1c966be226125b48c384171c44c651c236c22",
        "type": "github"
      },
      "original": {
        "owner": "nixos",
        "ref": "nixos-unstable",
        "repo": "nixpkgs",
        "type": "github"
      }
    },
    "nixpkgs-stable": {
      "locked": {
        "lastModified": 1743813633,
        "narHash": "sha256-BgkBz4NpV6Kg8XF7cmHDHRVGZYnKbvG0Y4p+jElwxaM=",
        "owner": "nixos",
        "repo": "nixpkgs",
        "rev": "7819a0d29d1dd2bc331bec4b327f0776359b1fa6",
        "type": "github"
      },
      "original": {
        "owner": "nixos",
        "ref": "nixos-24.11",
        "repo": "nixpkgs",
        "type": "github"
      }
    },
    "pia": {
      "flake": false,
      "locked": {
        "lastModified": 1675683934,
        "narHash": "sha256-otDaC45eeDbu0HCoseVOU1oxRlj6A9ChTWTSEUNtuaI=",
        "owner": "pia-foss",
        "repo": "manual-connections",
        "rev": "e956c57849a38f912e654e0357f5ae456dfd1742",
        "type": "github"
      },
      "original": {
        "owner": "pia-foss",
        "repo": "manual-connections",
        "type": "github"
      }
    },
    "plasma-manager": {
      "inputs": {
        "home-manager": [
          "home-manager"
        ],
        "nixpkgs": [
          "nixpkgs"
        ]
      },
      "locked": {
        "lastModified": 1742765550,
        "narHash": "sha256-2vVIh2JrL6GAGfgCeY9e6iNKrBjs0Hw3bGQEAbwVs68=",
        "owner": "nix-community",
        "repo": "plasma-manager",
        "rev": "b70be387276e632fe51232887f9e04e2b6ef8c16",
        "type": "github"
      },
      "original": {
        "owner": "nix-community",
        "repo": "plasma-manager",
        "type": "github"
      }
    },
    "root": {
      "inputs": {
        "catppuccin": "catppuccin",
        "disko": "disko",
        "home-manager": "home-manager",
        "nixos-hardware": "nixos-hardware",
        "nixpkgs": "nixpkgs",
        "nixpkgs-stable": "nixpkgs-stable",
        "pia": "pia",
        "plasma-manager": "plasma-manager"
      }
    }
  },
  "root": "root",
  "version": 7
}
